Microsoft Visual Studio Solution File, Format Version 12.00
# Visual Studio 15
VisualStudioVersion = 15.0.26430.16
MinimumVisualStudioVersion = 10.0.40219.1
Project("{c95207c4-8eaf-474d-9df8-6d3ad339d281}") = "autorest.swift", "src\autorest.swift.csproj", "{89533881-1260-4e8b-8c32-69cf3ff9f799}"
EndProject
Global
	GlobalSection(SolutionConfigurationPlatforms) = preSolution
		Debug|Any CPU = Debug|Any CPU
		Debug|x64 = Debug|x64
		Debug|x86 = Debug|x86
		Release|Any CPU = Release|Any CPU
		Release|x64 = Release|x64
		Release|x86 = Release|x86
	EndGlobalSection
	GlobalSection(ProjectConfigurationPlatforms) = postSolution
		{89533881-1260-4e8b-8c32-69cf3ff9f799}.Debug|Any CPU.ActiveCfg = Debug|Any CPU
		{89533881-1260-4e8b-8c32-69cf3ff9f799}.Debug|Any CPU.Build.0 = Debug|Any CPU
		{89533881-1260-4e8b-8c32-69cf3ff9f799}.Debug|x64.ActiveCfg = Debug|Any CPU
		{89533881-1260-4e8b-8c32-69cf3ff9f799}.Debug|x64.Build.0 = Debug|Any CPU
		{89533881-1260-4e8b-8c32-69cf3ff9f799}.Debug|x86.ActiveCfg = Debug|Any CPU
		{89533881-1260-4e8b-8c32-69cf3ff9f799}.Debug|x86.Build.0 = Debug|Any CPU
		{89533881-1260-4e8b-8c32-69cf3ff9f799}.Release|Any CPU.ActiveCfg = Release|Any CPU
		{89533881-1260-4e8b-8c32-69cf3ff9f799}.Release|Any CPU.Build.0 = Release|Any CPU
		{89533881-1260-4e8b-8c32-69cf3ff9f799}.Release|x64.ActiveCfg = Release|Any CPU
		{89533881-1260-4e8b-8c32-69cf3ff9f799}.Release|x64.Build.0 = Release|Any CPU
		{89533881-1260-4e8b-8c32-69cf3ff9f799}.Release|x86.ActiveCfg = Release|Any CPU
		{89533881-1260-4e8b-8c32-69cf3ff9f799}.Release|x86.Build.0 = Release|Any CPU
	EndGlobalSection
	GlobalSection(SolutionProperties) = preSolution
		HideSolutionNode = FALSE
	EndGlobalSection
EndGlobal
