PODS:
  - CNIOAtomics (2.20.2)
  - CNIODarwin (2.20.2)
  - CNIOLinux (2.20.2)
  - CNIOSHA1 (2.20.2)
  - PathKit (0.9.2)
  - Stencil (0.13.1):
    - PathKit (~> 0.9.0)
  - SwiftFormat/CLI (0.44.17)
  - SwiftLint (0.39.2)
  - SwiftNIO (2.20.2):
    - CNIOAtomics (= 2.20.2)
    - CNIODarwin (= 2.20.2)
    - CNIOLinux (= 2.20.2)
    - CNIOSHA1 (= 2.20.2)
    - SwiftNIOConcurrencyHelpers (= 2.20.2)
  - SwiftNIOConcurrencyHelpers (2.20.2):
    - CNIOAtomics (= 2.20.2)
  - SwiftNIOFoundationCompat (2.20.2):
    - SwiftNIO (= 2.20.2)

DEPENDENCIES:
  - Stencil (from `https://github.com/stencilproject/Stencil.git`, branch `trim_whitespace`)
  - SwiftFormat/CLI
  - SwiftLint
  - SwiftNIO
  - SwiftNIOFoundationCompat

SPEC REPOS:
  trunk:
    - CNIOAtomics
    - CNIODarwin
    - CNIOLinux
    - CNIOSHA1
    - PathKit
    - SwiftFormat
    - SwiftLint
    - SwiftNIO
    - SwiftNIOConcurrencyHelpers
    - SwiftNIOFoundationCompat

EXTERNAL SOURCES:
  Stencil:
    :branch: trim_whitespace
    :git: https://github.com/stencilproject/Stencil.git

CHECKOUT OPTIONS:
  Stencil:
    :commit: 8e327cf073ba3b8bf2d1b88f9ad2158b67567063
    :git: https://github.com/stencilproject/Stencil.git

SPEC CHECKSUMS:
  CNIOAtomics: 7daf6423d00650104436c5f8a2a341679104ae83
  CNIODarwin: 65509d8e6a65a3f3f7bf5b09455cbabd535f48f3
  CNIOLinux: 380e2601f1f32f8f32a78437c5f4f5a688205e2b
  CNIOSHA1: 5cc4fc5054beeb21c8e0017ad6bf559ce8095c10
  PathKit: 273f59a38e3218eb95abd9f6a61730a8bcfd2f06
  Stencil: ba3fc96199e0be13ba95c490d042532d784260dc
  SwiftFormat: 3b5caa6389b2b9adbc00e133b3ccc8c6e687a6a4
  SwiftLint: 22ccbbe3b8008684be5955693bab135e0ed6a447
  SwiftNIO: a3c1b37da3e97ce44b3cfafc61c05fe0cac540b8
  SwiftNIOConcurrencyHelpers: cd7afc3d1f1ceaf55bbd030e7d1a469d3024db92
  SwiftNIOFoundationCompat: 573f44d5b24f7ead54b6b111264c0a420fc6eccf

PODFILE CHECKSUM: 74541959fe702fab4e9a0787ab5091fd76375857

COCOAPODS: 1.9.3
